
Microsoft Visual Studio Solution File, Format Version 12.00
# Visual Studio Version 16
VisualStudioVersion = 16.0.30717.126
MinimumVisualStudioVersion = 10.0.40219.1
Project("{8BC9CEB8-8B4A-11D0-8D11-00A0C91BC942}") = "OpenGL Project", "OpenGL Project\OpenGL Project.vcxproj", "{AACFB779-C600-40FD-BC6F-17FFCE9ECE4A}"
EndProject
Global
	GlobalSection(SolutionConfigurationPlatforms) = preSolution
		Debug|x64 = Debug|x64
		Debug|x86 = Debug|x86
		Release|x64 = Release|x64
		Release|x86 = Release|x86
	EndGlobalSection
	GlobalSection(ProjectConfigurationPlatforms) = postSolution
		{AACFB779-C600-40FD-BC6F-17FFCE9ECE4A}.Debug|x64.ActiveCfg = Debug|x64
		{AACFB779-C600-40FD-BC6F-17FFCE9ECE4A}.Debug|x64.Build.0 = Debug|x64
		{AACFB779-C600-40FD-BC6F-17FFCE9ECE4A}.Debug|x86.ActiveCfg = Debug|Win32
		{AACFB779-C600-40FD-BC6F-17FFCE9ECE4A}.Debug|x86.Build.0 = Debug|Win32
		{AACFB779-C600-40FD-BC6F-17FFCE9ECE4A}.Release|x64.ActiveCfg = Release|x64
		{AACFB779-C600-40FD-BC6F-17FFCE9ECE4A}.Release|x64.Build.0 = Release|x64
		{AACFB779-C600-40FD-BC6F-17FFCE9ECE4A}.Release|x86.ActiveCfg = Release|Win32
		{AACFB779-C600-40FD-BC6F-17FFCE9ECE4A}.Release|x86.Build.0 = Release|Win32
	EndGlobalSection
	GlobalSection(SolutionProperties) = preSolution
		HideSolutionNode = FALSE
	EndGlobalSection
	GlobalSection(ExtensibilityGlobals) = postSolution
		SolutionGuid = {5DA671AF-5EC0-4313-87FC-0D74CFC0C6E5}
	EndGlobalSection
EndGlobal
